
Microsoft Visual Studio Solution File, Format Version 12.00
# Visual Studio Version 17
VisualStudioVersion = 17.9.34622.214
MinimumVisualStudioVersion = 10.0.40219.1
Project("{9A19103F-16F7-4668-BE54-9A1E7A4F7556}") = "MindControl", "src\MindControl\MindControl.csproj", "{A13C976F-5866-48C4-904E-2C1960220FAC}"
EndProject
Project("{9A19103F-16F7-4668-BE54-9A1E7A4F7556}") = "MindControl.Test", "test\MindControl.Test\MindControl.Test.csproj", "{2BE5C902-70EC-4DBE-B782-FB0623518F96}"
EndProject
Project("{9A19103F-16F7-4668-BE54-9A1E7A4F7556}") = "MindControl.Test.TargetApp", "test\MindControl.Test.TargetApp\MindControl.Test.TargetApp.csproj", "{9FE5EF8E-1230-42DB-A6B2-0C2633D32A1F}"
EndProject
Project("{8BC9CEB8-8B4A-11D0-8D11-00A0C91BC942}") = "MindControl.Test.InjectedLibrary", "test\MindControl.Test.InjectedLibrary\MindControl.Test.InjectedLibrary.vcxproj", "{AA8C9AF6-7C31-43D1-A519-DBB1C3252127}"
EndProject
Project("{FAE04EC0-301F-11D3-BF4B-00C04F79EFBC}") = "MindControl.Benchmark", "test\MindControl.Benchmark\MindControl.Benchmark.csproj", "{5C1B693D-D176-41B2-A47A-E78E098171CB}"
EndProject
Project("{FAE04EC0-301F-11D3-BF4B-00C04F79EFBC}") = "MindControl.Code", "src\MindControl.Code\MindControl.Code.csproj", "{BF166555-9220-42C6-A93E-EC9FBA9AC38C}"
EndProject
Project("{2150E333-8FDC-42A3-9474-1A3956D46DE8}") = "tests", "tests", "{751C861A-AA2D-454F-8910-E27040CDEF6B}"
EndProject
Project("{2150E333-8FDC-42A3-9474-1A3956D46DE8}") = "libraries", "libraries", "{1D218910-68CD-4D94-B928-A0ADE5A600D5}"
EndProject
Project("{2150E333-8FDC-42A3-9474-1A3956D46DE8}") = "samples", "samples", "{0923ADDB-5517-4ABF-A38E-CC3776C85A71}"
EndProject
Project("{FAE04EC0-301F-11D3-BF4B-00C04F79EFBC}") = "MindControl.Samples.SrDemoConsoleApp", "samples\MindControl.Samples.SrDemoConsoleApp\MindControl.Samples.SrDemoConsoleApp.csproj", "{B7E8F1B0-F5D2-4943-B780-CB1C0C248824}"
EndProject
Project("{FAE04EC0-301F-11D3-BF4B-00C04F79EFBC}") = "MindControl.Samples.SrDemoWpfApp", "samples\MindControl.Samples.SrDemoWpfApp\MindControl.Samples.SrDemoWpfApp.csproj", "{09A4F714-3F5A-4CD8-94D9-902BBDE5A090}"
EndProject
Project("{FAE04EC0-301F-11D3-BF4B-00C04F79EFBC}") = "MindControl.Samples.SlimeRancherDemo", "samples\MindControl.Samples.SlimeRancherDemo\MindControl.Samples.SlimeRancherDemo.csproj", "{8E00D032-5E48-4DA3-B2BF-C3DC3C57EA35}"
EndProject
Project("{FAE04EC0-301F-11D3-BF4B-00C04F79EFBC}") = "MindControl.Samples.SrDemoBlazorApp", "samples\MindControl.Samples.SrDemoBlazorApp\MindControl.Samples.SrDemoBlazorApp.csproj", "{125FFA82-F622-4981-8D9F-C5FB7CE87D56}"
EndProject
Global
	GlobalSection(SolutionConfigurationPlatforms) = preSolution
		Debug|Any CPU = Debug|Any CPU
		Release|Any CPU = Release|Any CPU
		Debug|x86 = Debug|x86
		Release|x86 = Release|x86
	EndGlobalSection
	GlobalSection(ProjectConfigurationPlatforms) = postSolution
		{A13C976F-5866-48C4-904E-2C1960220FAC}.Debug|Any CPU.ActiveCfg = Debug|Any CPU
		{A13C976F-5866-48C4-904E-2C1960220FAC}.Debug|Any CPU.Build.0 = Debug|Any CPU
		{A13C976F-5866-48C4-904E-2C1960220FAC}.Release|Any CPU.ActiveCfg = Release|Any CPU
		{A13C976F-5866-48C4-904E-2C1960220FAC}.Release|Any CPU.Build.0 = Release|Any CPU
		{A13C976F-5866-48C4-904E-2C1960220FAC}.Debug|x86.ActiveCfg = Debug|Any CPU
		{2BE5C902-70EC-4DBE-B782-FB0623518F96}.Debug|Any CPU.ActiveCfg = Debug|Any CPU
		{2BE5C902-70EC-4DBE-B782-FB0623518F96}.Debug|Any CPU.Build.0 = Debug|Any CPU
		{2BE5C902-70EC-4DBE-B782-FB0623518F96}.Release|Any CPU.ActiveCfg = Release|Any CPU
		{2BE5C902-70EC-4DBE-B782-FB0623518F96}.Release|Any CPU.Build.0 = Release|Any CPU
		{2BE5C902-70EC-4DBE-B782-FB0623518F96}.Debug|x86.ActiveCfg = Debug|Any CPU
		{9FE5EF8E-1230-42DB-A6B2-0C2633D32A1F}.Debug|Any CPU.ActiveCfg = Debug|Any CPU
		{9FE5EF8E-1230-42DB-A6B2-0C2633D32A1F}.Debug|Any CPU.Build.0 = Debug|Any CPU
		{9FE5EF8E-1230-42DB-A6B2-0C2633D32A1F}.Release|Any CPU.ActiveCfg = Release|Any CPU
		{9FE5EF8E-1230-42DB-A6B2-0C2633D32A1F}.Release|Any CPU.Build.0 = Release|Any CPU
		{9FE5EF8E-1230-42DB-A6B2-0C2633D32A1F}.Debug|x86.ActiveCfg = Debug|x86
		{9FE5EF8E-1230-42DB-A6B2-0C2633D32A1F}.Debug|x86.Build.0 = Debug|x86
		{9FE5EF8E-1230-42DB-A6B2-0C2633D32A1F}.Release|x86.ActiveCfg = Release|x86
		{9FE5EF8E-1230-42DB-A6B2-0C2633D32A1F}.Release|x86.Build.0 = Release|x86
		{AA8C9AF6-7C31-43D1-A519-DBB1C3252127}.Debug|Any CPU.ActiveCfg = Debug|x64
		{AA8C9AF6-7C31-43D1-A519-DBB1C3252127}.Debug|Any CPU.Build.0 = Debug|x64
		{AA8C9AF6-7C31-43D1-A519-DBB1C3252127}.Release|Any CPU.ActiveCfg = Release|x64
		{AA8C9AF6-7C31-43D1-A519-DBB1C3252127}.Release|Any CPU.Build.0 = Release|x64
		{AA8C9AF6-7C31-43D1-A519-DBB1C3252127}.Debug|x86.ActiveCfg = Debug|Win32
		{5C1B693D-D176-41B2-A47A-E78E098171CB}.Debug|Any CPU.ActiveCfg = Debug|Any CPU
		{5C1B693D-D176-41B2-A47A-E78E098171CB}.Debug|Any CPU.Build.0 = Debug|Any CPU
		{5C1B693D-D176-41B2-A47A-E78E098171CB}.Release|Any CPU.ActiveCfg = Release|Any CPU
		{5C1B693D-D176-41B2-A47A-E78E098171CB}.Release|Any CPU.Build.0 = Release|Any CPU
		{5C1B693D-D176-41B2-A47A-E78E098171CB}.Debug|x86.ActiveCfg = Debug|Any CPU
		{BF166555-9220-42C6-A93E-EC9FBA9AC38C}.Debug|Any CPU.ActiveCfg = Debug|Any CPU
		{BF166555-9220-42C6-A93E-EC9FBA9AC38C}.Debug|Any CPU.Build.0 = Debug|Any CPU
		{BF166555-9220-42C6-A93E-EC9FBA9AC38C}.Release|Any CPU.ActiveCfg = Release|Any CPU
		{BF166555-9220-42C6-A93E-EC9FBA9AC38C}.Release|Any CPU.Build.0 = Release|Any CPU
		{BF166555-9220-42C6-A93E-EC9FBA9AC38C}.Debug|x86.ActiveCfg = Debug|Any CPU
		{B7E8F1B0-F5D2-4943-B780-CB1C0C248824}.Debug|Any CPU.ActiveCfg = Debug|Any CPU
		{B7E8F1B0-F5D2-4943-B780-CB1C0C248824}.Debug|Any CPU.Build.0 = Debug|Any CPU
		{B7E8F1B0-F5D2-4943-B780-CB1C0C248824}.Release|Any CPU.ActiveCfg = Release|Any CPU
		{B7E8F1B0-F5D2-4943-B780-CB1C0C248824}.Release|Any CPU.Build.0 = Release|Any CPU
		{B7E8F1B0-F5D2-4943-B780-CB1C0C248824}.Debug|x86.ActiveCfg = Debug|Any CPU
		{B7E8F1B0-F5D2-4943-B780-CB1C0C248824}.Debug|x86.Build.0 = Debug|Any CPU
		{B7E8F1B0-F5D2-4943-B780-CB1C0C248824}.Release|x86.ActiveCfg = Release|Any CPU
		{B7E8F1B0-F5D2-4943-B780-CB1C0C248824}.Release|x86.Build.0 = Release|Any CPU
		{09A4F714-3F5A-4CD8-94D9-902BBDE5A090}.Debug|Any CPU.ActiveCfg = Debug|Any CPU
		{09A4F714-3F5A-4CD8-94D9-902BBDE5A090}.Debug|Any CPU.Build.0 = Debug|Any CPU
		{09A4F714-3F5A-4CD8-94D9-902BBDE5A090}.Release|Any CPU.ActiveCfg = Release|Any CPU
		{09A4F714-3F5A-4CD8-94D9-902BBDE5A090}.Release|Any CPU.Build.0 = Release|Any CPU
		{09A4F714-3F5A-4CD8-94D9-902BBDE5A090}.Debug|x86.ActiveCfg = Debug|Any CPU
		{09A4F714-3F5A-4CD8-94D9-902BBDE5A090}.Debug|x86.Build.0 = Debug|Any CPU
		{09A4F714-3F5A-4CD8-94D9-902BBDE5A090}.Release|x86.ActiveCfg = Release|Any CPU
		{09A4F714-3F5A-4CD8-94D9-902BBDE5A090}.Release|x86.Build.0 = Release|Any CPU
		{8E00D032-5E48-4DA3-B2BF-C3DC3C57EA35}.Debug|Any CPU.ActiveCfg = Debug|Any CPU
		{8E00D032-5E48-4DA3-B2BF-C3DC3C57EA35}.Debug|Any CPU.Build.0 = Debug|Any CPU
		{8E00D032-5E48-4DA3-B2BF-C3DC3C57EA35}.Release|Any CPU.ActiveCfg = Release|Any CPU
		{8E00D032-5E48-4DA3-B2BF-C3DC3C57EA35}.Release|Any CPU.Build.0 = Release|Any CPU
		{8E00D032-5E48-4DA3-B2BF-C3DC3C57EA35}.Debug|x86.ActiveCfg = Debug|Any CPU
		{8E00D032-5E48-4DA3-B2BF-C3DC3C57EA35}.Debug|x86.Build.0 = Debug|Any CPU
		{8E00D032-5E48-4DA3-B2BF-C3DC3C57EA35}.Release|x86.ActiveCfg = Release|Any CPU
		{8E00D032-5E48-4DA3-B2BF-C3DC3C57EA35}.Release|x86.Build.0 = Release|Any CPU
		{125FFA82-F622-4981-8D9F-C5FB7CE87D56}.Debug|Any CPU.ActiveCfg = Debug|Any CPU
		{125FFA82-F622-4981-8D9F-C5FB7CE87D56}.Debug|Any CPU.Build.0 = Debug|Any CPU
		{125FFA82-F622-4981-8D9F-C5FB7CE87D56}.Release|Any CPU.ActiveCfg = Release|Any CPU
		{125FFA82-F622-4981-8D9F-C5FB7CE87D56}.Release|Any CPU.Build.0 = Release|Any CPU
		{125FFA82-F622-4981-8D9F-C5FB7CE87D56}.Debug|x86.ActiveCfg = Debug|Any CPU
		{125FFA82-F622-4981-8D9F-C5FB7CE87D56}.Debug|x86.Build.0 = Debug|Any CPU
		{125FFA82-F622-4981-8D9F-C5FB7CE87D56}.Release|x86.ActiveCfg = Release|Any CPU
		{125FFA82-F622-4981-8D9F-C5FB7CE87D56}.Release|x86.Build.0 = Release|Any CPU
	EndGlobalSection
	GlobalSection(SolutionProperties) = preSolution
		HideSolutionNode = FALSE
	EndGlobalSection
	GlobalSection(NestedProjects) = preSolution
		{5C1B693D-D176-41B2-A47A-E78E098171CB} = {751C861A-AA2D-454F-8910-E27040CDEF6B}
		{2BE5C902-70EC-4DBE-B782-FB0623518F96} = {751C861A-AA2D-454F-8910-E27040CDEF6B}
		{AA8C9AF6-7C31-43D1-A519-DBB1C3252127} = {751C861A-AA2D-454F-8910-E27040CDEF6B}
		{9FE5EF8E-1230-42DB-A6B2-0C2633D32A1F} = {751C861A-AA2D-454F-8910-E27040CDEF6B}
		{A13C976F-5866-48C4-904E-2C1960220FAC} = {1D218910-68CD-4D94-B928-A0ADE5A600D5}
		{BF166555-9220-42C6-A93E-EC9FBA9AC38C} = {1D218910-68CD-4D94-B928-A0ADE5A600D5}
		{B7E8F1B0-F5D2-4943-B780-CB1C0C248824} = {0923ADDB-5517-4ABF-A38E-CC3776C85A71}
		{09A4F714-3F5A-4CD8-94D9-902BBDE5A090} = {0923ADDB-5517-4ABF-A38E-CC3776C85A71}
		{8E00D032-5E48-4DA3-B2BF-C3DC3C57EA35} = {0923ADDB-5517-4ABF-A38E-CC3776C85A71}
		{125FFA82-F622-4981-8D9F-C5FB7CE87D56} = {0923ADDB-5517-4ABF-A38E-CC3776C85A71}
	EndGlobalSection
EndGlobal
